
Microsoft Visual Studio Solution File, Format Version 12.00
# Visual Studio Express 2013 for Windows Desktop
VisualStudioVersion = 12.0.31101.0
MinimumVisualStudioVersion = 10.0.40219.1
Project("{FAE04EC0-301F-11D3-BF4B-00C04F79EFBC}") = "Customer", "Customer\Customer.csproj", "{3439AF66-D053-43D9-AB8A-D81FAE244D58}"
EndProject
Project("{FAE04EC0-301F-11D3-BF4B-00C04F79EFBC}") = "StringDisperser", "StringDisperser\StringDisperser.csproj", "{D9BA0E5B-97E0-4897-9C9D-C737F00ACD60}"
EndProject
Global
	GlobalSection(SolutionConfigurationPlatforms) = preSolution
		Debug|Any CPU = Debug|Any CPU
		Release|Any CPU = Release|Any CPU
	EndGlobalSection
	GlobalSection(ProjectConfigurationPlatforms) = postSolution
		{3439AF66-D053-43D9-AB8A-D81FAE244D58}.Debug|Any CPU.ActiveCfg = Debug|Any CPU
		{3439AF66-D053-43D9-AB8A-D81FAE244D58}.Debug|Any CPU.Build.0 = Debug|Any CPU
		{3439AF66-D053-43D9-AB8A-D81FAE244D58}.Release|Any CPU.ActiveCfg = Release|Any CPU
		{3439AF66-D053-43D9-AB8A-D81FAE244D58}.Release|Any CPU.Build.0 = Release|Any CPU
		{D9BA0E5B-97E0-4897-9C9D-C737F00ACD60}.Debug|Any CPU.ActiveCfg = Debug|Any CPU
		{D9BA0E5B-97E0-4897-9C9D-C737F00ACD60}.Debug|Any CPU.Build.0 = Debug|Any CPU
		{D9BA0E5B-97E0-4897-9C9D-C737F00ACD60}.Release|Any CPU.ActiveCfg = Release|Any CPU
		{D9BA0E5B-97E0-4897-9C9D-C737F00ACD60}.Release|Any CPU.Build.0 = Release|Any CPU
	EndGlobalSection
	GlobalSection(SolutionProperties) = preSolution
		HideSolutionNode = FALSE
	EndGlobalSection
EndGlobal
